
Microsoft Visual Studio Solution File, Format Version 12.00
# Visual Studio Version 16
VisualStudioVersion = 16.0.30907.101
MinimumVisualStudioVersion = 10.0.40219.1
Project("{9A19103F-16F7-4668-BE54-9A1E7A4F7556}") = "IssueColl", "IssueColl\IssueColl.csproj", "{9F4F5252-C637-4BD4-83FC-A9FFC8006FC0}"
EndProject
Global
	GlobalSection(SolutionConfigurationPlatforms) = preSolution
		Debug|Any CPU = Debug|Any CPU
		r2|Any CPU = r2|Any CPU
		Release|Any CPU = Release|Any CPU
	EndGlobalSection
	GlobalSection(ProjectConfigurationPlatforms) = postSolution
		{9F4F5252-C637-4BD4-83FC-A9FFC8006FC0}.Debug|Any CPU.ActiveCfg = Debug|Any CPU
		{9F4F5252-C637-4BD4-83FC-A9FFC8006FC0}.Debug|Any CPU.Build.0 = Debug|Any CPU
		{9F4F5252-C637-4BD4-83FC-A9FFC8006FC0}.r2|Any CPU.ActiveCfg = r2|Any CPU
		{9F4F5252-C637-4BD4-83FC-A9FFC8006FC0}.r2|Any CPU.Build.0 = r2|Any CPU
		{9F4F5252-C637-4BD4-83FC-A9FFC8006FC0}.Release|Any CPU.ActiveCfg = Release|Any CPU
		{9F4F5252-C637-4BD4-83FC-A9FFC8006FC0}.Release|Any CPU.Build.0 = Release|Any CPU
	EndGlobalSection
	GlobalSection(SolutionProperties) = preSolution
		HideSolutionNode = FALSE
	EndGlobalSection
	GlobalSection(ExtensibilityGlobals) = postSolution
		SolutionGuid = {E32F35B9-54BF-41A4-B562-4ABBA2B9385C}
	EndGlobalSection
EndGlobal
